// !$*UTF8*$!
{
	archiveVersion = 1;
	classes = {
	};
	objectVersion = 56;
	objects = {

/* Begin PBXBuildFile section */
		0E403CB52A79065E003D7CBF /* AppDelegate.swift in Sources */ = {isa = PBXBuildFile; fileRef = 0E403CB42A79065E003D7CBF /* AppDelegate.swift */; };
		0E403CB72A79065E003D7CBF /* SceneDelegate.swift in Sources */ = {isa = PBXBuildFile; fileRef = 0E403CB62A79065E003D7CBF /* SceneDelegate.swift */; };
		0E403CB92A79065E003D7CBF /* ImagesListViewController.swift in Sources */ = {isa = PBXBuildFile; fileRef = 0E403CB82A79065E003D7CBF /* ImagesListViewController.swift */; };
		0E403CBC2A79065E003D7CBF /* Main.storyboard in Resources */ = {isa = PBXBuildFile; fileRef = 0E403CBA2A79065E003D7CBF /* Main.storyboard */; };
		0E403CBE2A79065F003D7CBF /* Assets.xcassets in Resources */ = {isa = PBXBuildFile; fileRef = 0E403CBD2A79065F003D7CBF /* Assets.xcassets */; };
		0E403CC12A79065F003D7CBF /* LaunchScreen.storyboard in Resources */ = {isa = PBXBuildFile; fileRef = 0E403CBF2A79065F003D7CBF /* LaunchScreen.storyboard */; };
		0E4E71392AD5B28A0045D41D /* SingleImageViewController.swift in Sources */ = {isa = PBXBuildFile; fileRef = 0E4E71382AD5B28A0045D41D /* SingleImageViewController.swift */; };
		0E54EC4A2AD575C500B3040B /* ProfileViewController.swift in Sources */ = {isa = PBXBuildFile; fileRef = 0E54EC492AD575C500B3040B /* ProfileViewController.swift */; };
		0EC98AAA2A81477F000444AC /* UIColor+Extensions.swift in Sources */ = {isa = PBXBuildFile; fileRef = 0EC98AA92A81477F000444AC /* UIColor+Extensions.swift */; };
		0EC98AAC2A828B9E000444AC /* ImagesListCell.swift in Sources */ = {isa = PBXBuildFile; fileRef = 0EC98AAB2A828B9E000444AC /* ImagesListCell.swift */; };
/* End PBXBuildFile section */

/* Begin PBXFileReference section */
		0E403CB12A79065E003D7CBF /* ImageFeed.app */ = {isa = PBXFileReference; explicitFileType = wrapper.application; includeInIndex = 0; path = ImageFeed.app; sourceTree = BUILT_PRODUCTS_DIR; };
		0E403CB42A79065E003D7CBF /* AppDelegate.swift */ = {isa = PBXFileReference; lastKnownFileType = sourcecode.swift; path = AppDelegate.swift; sourceTree = "<group>"; };
		0E403CB62A79065E003D7CBF /* SceneDelegate.swift */ = {isa = PBXFileReference; lastKnownFileType = sourcecode.swift; path = SceneDelegate.swift; sourceTree = "<group>"; };
		0E403CB82A79065E003D7CBF /* ImagesListViewController.swift */ = {isa = PBXFileReference; lastKnownFileType = sourcecode.swift; path = ImagesListViewController.swift; sourceTree = "<group>"; };
		0E403CBB2A79065E003D7CBF /* Base */ = {isa = PBXFileReference; lastKnownFileType = file.storyboard; name = Base; path = Base.lproj/Main.storyboard; sourceTree = "<group>"; };
		0E403CBD2A79065F003D7CBF /* Assets.xcassets */ = {isa = PBXFileReference; lastKnownFileType = folder.assetcatalog; path = Assets.xcassets; sourceTree = "<group>"; };
		0E403CC02A79065F003D7CBF /* Base */ = {isa = PBXFileReference; lastKnownFileType = file.storyboard; name = Base; path = Base.lproj/LaunchScreen.storyboard; sourceTree = "<group>"; };
		0E403CC22A79065F003D7CBF /* Info.plist */ = {isa = PBXFileReference; lastKnownFileType = text.plist.xml; path = Info.plist; sourceTree = "<group>"; };
		0E4E71382AD5B28A0045D41D /* SingleImageViewController.swift */ = {isa = PBXFileReference; lastKnownFileType = sourcecode.swift; path = SingleImageViewController.swift; sourceTree = "<group>"; };
		0E54EC492AD575C500B3040B /* ProfileViewController.swift */ = {isa = PBXFileReference; lastKnownFileType = sourcecode.swift; path = ProfileViewController.swift; sourceTree = "<group>"; };
		0EC98AA92A81477F000444AC /* UIColor+Extensions.swift */ = {isa = PBXFileReference; lastKnownFileType = sourcecode.swift; path = "UIColor+Extensions.swift"; sourceTree = "<group>"; };
		0EC98AAB2A828B9E000444AC /* ImagesListCell.swift */ = {isa = PBXFileReference; lastKnownFileType = sourcecode.swift; path = ImagesListCell.swift; sourceTree = "<group>"; };
/* End PBXFileReference section */

/* Begin PBXFrameworksBuildPhase section */
		0E403CAE2A79065E003D7CBF /* Frameworks */ = {
			isa = PBXFrameworksBuildPhase;
			buildActionMask = 2147483647;
			files = (
			);
			runOnlyForDeploymentPostprocessing = 0;
		};
/* End PBXFrameworksBuildPhase section */

/* Begin PBXGroup section */
		0E403CA82A79065E003D7CBF = {
			isa = PBXGroup;
			children = (
				0E403CB32A79065E003D7CBF /* ImageFeed */,
				0E403CB22A79065E003D7CBF /* Products */,
			);
			sourceTree = "<group>";
		};
		0E403CB22A79065E003D7CBF /* Products */ = {
			isa = PBXGroup;
			children = (
				0E403CB12A79065E003D7CBF /* ImageFeed.app */,
			);
			name = Products;
			sourceTree = "<group>";
		};
		0E403CB32A79065E003D7CBF /* ImageFeed */ = {
			isa = PBXGroup;
			children = (
				0E54EC482AD5759600B3040B /* Profile */,
				0EC98AA82A814739000444AC /* Helpers */,
				0E403CB42A79065E003D7CBF /* AppDelegate.swift */,
				0E403CB62A79065E003D7CBF /* SceneDelegate.swift */,
				0EC98AAD2A828C11000444AC /* ImagesList */,
				0E403CBA2A79065E003D7CBF /* Main.storyboard */,
				0EC98AA72A814211000444AC /* Resources */,
				0EF7C9C22AD7439D00D993BE /* SingleImage */,
			);
			path = ImageFeed;
			sourceTree = "<group>";
		};
		0E54EC482AD5759600B3040B /* Profile */ = {
			isa = PBXGroup;
			children = (
				0E54EC492AD575C500B3040B /* ProfileViewController.swift */,
			);
			path = Profile;
			sourceTree = "<group>";
		};
		0EC98AA72A814211000444AC /* Resources */ = {
			isa = PBXGroup;
			children = (
				0E403CBD2A79065F003D7CBF /* Assets.xcassets */,
				0E403CBF2A79065F003D7CBF /* LaunchScreen.storyboard */,
				0E403CC22A79065F003D7CBF /* Info.plist */,
			);
			path = Resources;
			sourceTree = "<group>";
		};
		0EC98AA82A814739000444AC /* Helpers */ = {
			isa = PBXGroup;
			children = (
				0EC98AA92A81477F000444AC /* UIColor+Extensions.swift */,
			);
			path = Helpers;
			sourceTree = "<group>";
		};
		0EC98AAD2A828C11000444AC /* ImagesList */ = {
			isa = PBXGroup;
			children = (
				0E403CB82A79065E003D7CBF /* ImagesListViewController.swift */,
				0EC98AAB2A828B9E000444AC /* ImagesListCell.swift */,
			);
			path = ImagesList;
			sourceTree = "<group>";
		};
		0EF7C9C22AD7439D00D993BE /* SingleImage */ = {
			isa = PBXGroup;
			children = (
				0E4E71382AD5B28A0045D41D /* SingleImageViewController.swift */,
			);
			path = SingleImage;
			sourceTree = "<group>";
		};
/* End PBXGroup section */

/* Begin PBXNativeTarget section */
		0E403CB02A79065E003D7CBF /* ImageFeed */ = {
			isa = PBXNativeTarget;
			buildConfigurationList = 0E403CC52A79065F003D7CBF /* Build configuration list for PBXNativeTarget "ImageFeed" */;
			buildPhases = (
				0E403CAD2A79065E003D7CBF /* Sources */,
				0E403CAE2A79065E003D7CBF /* Frameworks */,
				0E403CAF2A79065E003D7CBF /* Resources */,
			);
			buildRules = (
			);
			dependencies = (
			);
			name = ImageFeed;
			productName = ImageFeed;
			productReference = 0E403CB12A79065E003D7CBF /* ImageFeed.app */;
			productType = "com.apple.product-type.application";
		};
/* End PBXNativeTarget section */

/* Begin PBXProject section */
		0E403CA92A79065E003D7CBF /* Project object */ = {
			isa = PBXProject;
			attributes = {
				BuildIndependentTargetsInParallel = 1;
				KnownAssetTags = (
					New,
				);
				LastSwiftUpdateCheck = 1430;
				LastUpgradeCheck = 1500;
				TargetAttributes = {
					0E403CB02A79065E003D7CBF = {
						CreatedOnToolsVersion = 14.3.1;
					};
				};
			};
			buildConfigurationList = 0E403CAC2A79065E003D7CBF /* Build configuration list for PBXProject "ImageFeed" */;
			compatibilityVersion = "Xcode 14.0";
			developmentRegion = en;
			hasScannedForEncodings = 0;
			knownRegions = (
				en,
				Base,
			);
			mainGroup = 0E403CA82A79065E003D7CBF;
			productRefGroup = 0E403CB22A79065E003D7CBF /* Products */;
			projectDirPath = "";
			projectRoot = "";
			targets = (
				0E403CB02A79065E003D7CBF /* ImageFeed */,
			);
		};
/* End PBXProject section */

/* Begin PBXResourcesBuildPhase section */
		0E403CAF2A79065E003D7CBF /* Resources */ = {
			isa = PBXResourcesBuildPhase;
			buildActionMask = 2147483647;
			files = (
				0E403CC12A79065F003D7CBF /* LaunchScreen.storyboard in Resources */,
				0E403CBE2A79065F003D7CBF /* Assets.xcassets in Resources */,
				0E403CBC2A79065E003D7CBF /* Main.storyboard in Resources */,
			);
			runOnlyForDeploymentPostprocessing = 0;
		};
/* End PBXResourcesBuildPhase section */

/* Begin PBXSourcesBuildPhase section */
		0E403CAD2A79065E003D7CBF /* Sources */ = {
			isa = PBXSourcesBuildPhase;
			buildActionMask = 2147483647;
			files = (
				0E54EC4A2AD575C500B3040B /* ProfileViewController.swift in Sources */,
				0E403CB92A79065E003D7CBF /* ImagesListViewController.swift in Sources */,
				0E403CB52A79065E003D7CBF /* AppDelegate.swift in Sources */,
				0E4E71392AD5B28A0045D41D /* SingleImageViewController.swift in Sources */,
				0EC98AAC2A828B9E000444AC /* ImagesListCell.swift in Sources */,
				0E403CB72A79065E003D7CBF /* SceneDelegate.swift in Sources */,
				0EC98AAA2A81477F000444AC /* UIColor+Extensions.swift in Sources */,
			);
			runOnlyForDeploymentPostprocessing = 0;
		};
/* End PBXSourcesBuildPhase section */

/* Begin PBXVariantGroup section */
		0E403CBA2A79065E003D7CBF /* Main.storyboard */ = {
			isa = PBXVariantGroup;
			children = (
				0E403CBB2A79065E003D7CBF /* Base */,
			);
			name = Main.storyboard;
			sourceTree = "<group>";
		};
		0E403CBF2A79065F003D7CBF /* LaunchScreen.storyboard */ = {
			isa = PBXVariantGroup;
			children = (
				0E403CC02A79065F003D7CBF /* Base */,
			);
			name = LaunchScreen.storyboard;
			sourceTree = "<group>";
		};
/* End PBXVariantGroup section */

/* Begin XCBuildConfiguration section */
		0E403CC32A79065F003D7CBF /* Debug */ = {
			isa = XCBuildConfiguration;
			buildSettings = {
				ALWAYS_SEARCH_USER_PATHS = NO;
				ASSETCATALOG_COMPILER_GENERATE_SWIFT_ASSET_SYMBOL_EXTENSIONS = YES;
				CLANG_ANALYZER_NONNULL = YES;
				CLANG_ANALYZER_NUMBER_OBJECT_CONVERSION = YES_AGGRESSIVE;
				CLANG_CXX_LANGUAGE_STANDARD = "gnu++20";
				CLANG_ENABLE_MODULES = YES;
				CLANG_ENABLE_OBJC_ARC = YES;
				CLANG_ENABLE_OBJC_WEAK = YES;
				CLANG_WARN_BLOCK_CAPTURE_AUTORELEASING = YES;
				CLANG_WARN_BOOL_CONVERSION = YES;
				CLANG_WARN_COMMA = YES;
				CLANG_WARN_CONSTANT_CONVERSION = YES;
				CLANG_WARN_DEPRECATED_OBJC_IMPLEMENTATIONS = YES;
				CLANG_WARN_DIRECT_OBJC_ISA_USAGE = YES_ERROR;
				CLANG_WARN_DOCUMENTATION_COMMENTS = YES;
				CLANG_WARN_EMPTY_BODY = YES;
				CLANG_WARN_ENUM_CONVERSION = YES;
				CLANG_WARN_INFINITE_RECURSION = YES;
				CLANG_WARN_INT_CONVERSION = YES;
				CLANG_WARN_NON_LITERAL_NULL_CONVERSION = YES;
				CLANG_WARN_OBJC_IMPLICIT_RETAIN_SELF = YES;
				CLANG_WARN_OBJC_LITERAL_CONVERSION = YES;
				CLANG_WARN_OBJC_ROOT_CLASS = YES_ERROR;
				CLANG_WARN_QUOTED_INCLUDE_IN_FRAMEWORK_HEADER = YES;
				CLANG_WARN_RANGE_LOOP_ANALYSIS = YES;
				CLANG_WARN_STRICT_PROTOTYPES = YES;
				CLANG_WARN_SUSPICIOUS_MOVE = YES;
				CLANG_WARN_UNGUARDED_AVAILABILITY = YES_AGGRESSIVE;
				CLANG_WARN_UNREACHABLE_CODE = YES;
				CLANG_WARN__DUPLICATE_METHOD_MATCH = YES;
				COPY_PHASE_STRIP = NO;
				DEBUG_INFORMATION_FORMAT = dwarf;
				ENABLE_STRICT_OBJC_MSGSEND = YES;
				ENABLE_TESTABILITY = YES;
				ENABLE_USER_SCRIPT_SANDBOXING = YES;
				GCC_C_LANGUAGE_STANDARD = gnu11;
				GCC_DYNAMIC_NO_PIC = NO;
				GCC_NO_COMMON_BLOCKS = YES;
				GCC_OPTIMIZATION_LEVEL = 0;
				GCC_PREPROCESSOR_DEFINITIONS = (
					"DEBUG=1",
					"$(inherited)",
				);
				GCC_WARN_64_TO_32_BIT_CONVERSION = YES;
				GCC_WARN_ABOUT_RETURN_TYPE = YES_ERROR;
				GCC_WARN_UNDECLARED_SELECTOR = YES;
				GCC_WARN_UNINITIALIZED_AUTOS = YES_AGGRESSIVE;
				GCC_WARN_UNUSED_FUNCTION = YES;
				GCC_WARN_UNUSED_VARIABLE = YES;
				IPHONEOS_DEPLOYMENT_TARGET = 13.0;
				MTL_ENABLE_DEBUG_INFO = INCLUDE_SOURCE;
				MTL_FAST_MATH = YES;
				ONLY_ACTIVE_ARCH = YES;
				SDKROOT = iphoneos;
				SWIFT_ACTIVE_COMPILATION_CONDITIONS = DEBUG;
				SWIFT_OPTIMIZATION_LEVEL = "-Onone";
			};
			name = Debug;
		};
		0E403CC42A79065F003D7CBF /* Release */ = {
			isa = XCBuildConfiguration;
			buildSettings = {
				ALWAYS_SEARCH_USER_PATHS = NO;
				ASSETCATALOG_COMPILER_GENERATE_SWIFT_ASSET_SYMBOL_EXTENSIONS = YES;
				CLANG_ANALYZER_NONNULL = YES;
				CLANG_ANALYZER_NUMBER_OBJECT_CONVERSION = YES_AGGRESSIVE;
				CLANG_CXX_LANGUAGE_STANDARD = "gnu++20";
				CLANG_ENABLE_MODULES = YES;
				CLANG_ENABLE_OBJC_ARC = YES;
				CLANG_ENABLE_OBJC_WEAK = YES;
				CLANG_WARN_BLOCK_CAPTURE_AUTORELEASING = YES;
				CLANG_WARN_BOOL_CONVERSION = YES;
				CLANG_WARN_COMMA = YES;
				CLANG_WARN_CONSTANT_CONVERSION = YES;
				CLANG_WARN_DEPRECATED_OBJC_IMPLEMENTATIONS = YES;
				CLANG_WARN_DIRECT_OBJC_ISA_USAGE = YES_ERROR;
				CLANG_WARN_DOCUMENTATION_COMMENTS = YES;
				CLANG_WARN_EMPTY_BODY = YES;
				CLANG_WARN_ENUM_CONVERSION = YES;
				CLANG_WARN_INFINITE_RECURSION = YES;
				CLANG_WARN_INT_CONVERSION = YES;
				CLANG_WARN_NON_LITERAL_NULL_CONVERSION = YES;
				CLANG_WARN_OBJC_IMPLICIT_RETAIN_SELF = YES;
				CLANG_WARN_OBJC_LITERAL_CONVERSION = YES;
				CLANG_WARN_OBJC_ROOT_CLASS = YES_ERROR;
				CLANG_WARN_QUOTED_INCLUDE_IN_FRAMEWORK_HEADER = YES;
				CLANG_WARN_RANGE_LOOP_ANALYSIS = YES;
				CLANG_WARN_STRICT_PROTOTYPES = YES;
				CLANG_WARN_SUSPICIOUS_MOVE = YES;
				CLANG_WARN_UNGUARDED_AVAILABILITY = YES_AGGRESSIVE;
				CLANG_WARN_UNREACHABLE_CODE = YES;
				CLANG_WARN__DUPLICATE_METHOD_MATCH = YES;
				COPY_PHASE_STRIP = NO;
				DEBUG_INFORMATION_FORMAT = "dwarf-with-dsym";
				ENABLE_NS_ASSERTIONS = NO;
				ENABLE_STRICT_OBJC_MSGSEND = YES;
				ENABLE_USER_SCRIPT_SANDBOXING = YES;
				GCC_C_LANGUAGE_STANDARD = gnu11;
				GCC_NO_COMMON_BLOCKS = YES;
				GCC_WARN_64_TO_32_BIT_CONVERSION = YES;
				GCC_WARN_ABOUT_RETURN_TYPE = YES_ERROR;
				GCC_WARN_UNDECLARED_SELECTOR = YES;
				GCC_WARN_UNINITIALIZED_AUTOS = YES_AGGRESSIVE;
				GCC_WARN_UNUSED_FUNCTION = YES;
				GCC_WARN_UNUSED_VARIABLE = YES;
				IPHONEOS_DEPLOYMENT_TARGET = 13.0;
				MTL_ENABLE_DEBUG_INFO = NO;
				MTL_FAST_MATH = YES;
				SDKROOT = iphoneos;
				SWIFT_COMPILATION_MODE = wholemodule;
				SWIFT_OPTIMIZATION_LEVEL = "-O";
				VALIDATE_PRODUCT = YES;
			};
			name = Release;
		};
		0E403CC62A79065F003D7CBF /* Debug */ = {
			isa = XCBuildConfiguration;
			buildSettings = {
				ASSETCATALOG_COMPILER_APPICON_NAME = AppIcon;
				ASSETCATALOG_COMPILER_GLOBAL_ACCENT_COLOR_NAME = AccentColor;
				CODE_SIGN_STYLE = Automatic;
				CURRENT_PROJECT_VERSION = 1;
				DEVELOPMENT_TEAM = TKW6QAP7L3;
				GENERATE_INFOPLIST_FILE = YES;
				INFOPLIST_FILE = ImageFeed/Resources/Info.plist;
				INFOPLIST_KEY_UIApplicationSupportsIndirectInputEvents = YES;
				INFOPLIST_KEY_UILaunchStoryboardName = LaunchScreen;
				INFOPLIST_KEY_UIMainStoryboardFile = Main;
				INFOPLIST_KEY_UIStatusBarStyle = UIStatusBarStyleLightContent;
				IPHONEOS_DEPLOYMENT_TARGET = 13.0;
				LD_RUNPATH_SEARCH_PATHS = (
					"$(inherited)",
					"@executable_path/Frameworks",
				);
				MARKETING_VERSION = 1.0;
				PRODUCT_BUNDLE_IDENTIFIER = ru.bestNewcomer.practicum.ImageFeed;
				PRODUCT_NAME = "$(TARGET_NAME)";
				SUPPORTED_PLATFORMS = "iphoneos iphonesimulator";
				SUPPORTS_MACCATALYST = NO;
				SUPPORTS_MAC_DESIGNED_FOR_IPHONE_IPAD = YES;
				SWIFT_EMIT_LOC_STRINGS = YES;
				SWIFT_VERSION = 5.0;
				TARGETED_DEVICE_FAMILY = 1;
			};
			name = Debug;
		};
		0E403CC72A79065F003D7CBF /* Release */ = {
			isa = XCBuildConfiguration;
			buildSettings = {
				ASSETCATALOG_COMPILER_APPICON_NAME = AppIcon;
				ASSETCATALOG_COMPILER_GLOBAL_ACCENT_COLOR_NAME = AccentColor;
				CODE_SIGN_STYLE = Automatic;
				CURRENT_PROJECT_VERSION = 1;
				DEVELOPMENT_TEAM = TKW6QAP7L3;
				GENERATE_INFOPLIST_FILE = YES;
				INFOPLIST_FILE = ImageFeed/Resources/Info.plist;
				INFOPLIST_KEY_UIApplicationSupportsIndirectInputEvents = YES;
				INFOPLIST_KEY_UILaunchStoryboardName = LaunchScreen;
				INFOPLIST_KEY_UIMainStoryboardFile = Main;
				INFOPLIST_KEY_UIStatusBarStyle = UIStatusBarStyleLightContent;
				IPHONEOS_DEPLOYMENT_TARGET = 13.0;
				LD_RUNPATH_SEARCH_PATHS = (
					"$(inherited)",
					"@executable_path/Frameworks",
				);
				MARKETING_VERSION = 1.0;
				PRODUCT_BUNDLE_IDENTIFIER = ru.yandex.practicum.ImageFeed;
				PRODUCT_NAME = "$(TARGET_NAME)";
				SUPPORTED_PLATFORMS = "iphoneos iphonesimulator";
				SUPPORTS_MACCATALYST = NO;
				SUPPORTS_MAC_DESIGNED_FOR_IPHONE_IPAD = YES;
				SWIFT_EMIT_LOC_STRINGS = YES;
				SWIFT_VERSION = 5.0;
				TARGETED_DEVICE_FAMILY = 1;
			};
			name = Release;
		};
/* End XCBuildConfiguration section */

/* Begin XCConfigurationList section */
		0E403CAC2A79065E003D7CBF /* Build configuration list for PBXProject "ImageFeed" */ = {
			isa = XCConfigurationList;
			buildConfigurations = (
				0E403CC32A79065F003D7CBF /* Debug */,
				0E403CC42A79065F003D7CBF /* Release */,
			);
			defaultConfigurationIsVisible = 0;
			defaultConfigurationName = Release;
		};
		0E403CC52A79065F003D7CBF /* Build configuration list for PBXNativeTarget "ImageFeed" */ = {
			isa = XCConfigurationList;
			buildConfigurations = (
				0E403CC62A79065F003D7CBF /* Debug */,
				0E403CC72A79065F003D7CBF /* Release */,
			);
			defaultConfigurationIsVisible = 0;
			defaultConfigurationName = Release;
		};
/* End XCConfigurationList section */
	};
	rootObject = 0E403CA92A79065E003D7CBF /* Project object */;
}
